{
  "nodes": {
    "flake-compat": {
      "flake": false,
      "locked": {
        "lastModified": 1650374568,
        "narHash": "sha256-Z+s0J8/r907g149rllvwhb4pKi8Wam5ij0st8PwAh+E=",
        "owner": "edolstra",
        "repo": "flake-compat",
        "rev": "b4a34015c698c7793d592d66adbab377907a2be8",
        "type": "github"
      },
      "original": {
        "owner": "edolstra",
        "repo": "flake-compat",
        "type": "github"
      }
    },
    "home-manager": {
      "inputs": {
        "nixpkgs": [
          "nixpkgs"
        ],
        "utils": "utils"
      },
      "locked": {
        "lastModified": 1660574517,
        "narHash": "sha256-Lp5D2pAPrM3iAc1eeR0iGwz5rM+SYOWzVxI3p17nlrU=",
        "owner": "nix-community",
        "repo": "home-manager",
        "rev": "688e5c85b7537f308b82167c8eb4ecfb70a49861",
        "type": "github"
      },
      "original": {
        "owner": "nix-community",
        "repo": "home-manager",
        "type": "github"
      }
    },
    "libnbtplusplus": {
      "flake": false,
      "locked": {
        "lastModified": 1650031308,
        "narHash": "sha256-TvVOjkUobYJD9itQYueELJX3wmecvEdCbJ0FinW2mL4=",
        "owner": "PolyMC",
        "repo": "libnbtplusplus",
        "rev": "2203af7eeb48c45398139b583615134efd8d407f",
        "type": "github"
      },
      "original": {
        "owner": "PolyMC",
        "repo": "libnbtplusplus",
        "type": "github"
      }
    },
    "nixpkgs": {
      "locked": {
        "lastModified": 1660908602,
        "narHash": "sha256-SwZ85IPWvC4NxxFhWhRMTJpApSHbY1u4YK2UFWEBWvY=",
        "owner": "nixos",
        "repo": "nixpkgs",
        "rev": "495b19d5b3e62b4ec7e846bdfb6ef3d9c3b83492",
        "type": "github"
      },
      "original": {
        "owner": "nixos",
        "ref": "nixos-unstable",
        "repo": "nixpkgs",
        "type": "github"
      }
    },
    "nixpkgs_2": {
      "locked": {
        "lastModified": 1658119717,
        "narHash": "sha256-4upOZIQQ7Bc4CprqnHsKnqYfw+arJeAuU+QcpjYBXW0=",
        "owner": "nixos",
        "repo": "nixpkgs",
        "rev": "9eb60f25aff0d2218c848dd4574a0ab5e296cabe",
        "type": "github"
      },
      "original": {
        "owner": "nixos",
        "ref": "nixpkgs-unstable",
        "repo": "nixpkgs",
        "type": "github"
      }
    },
    "polymc": {
      "inputs": {
        "flake-compat": "flake-compat",
        "libnbtplusplus": "libnbtplusplus",
        "nixpkgs": "nixpkgs_2"
      },
      "locked": {
        "lastModified": 1661001350,
        "narHash": "sha256-fYt9xshNdM4MigPCcHLLaaL1FH7uCFOTR7uGVSArcVc=",
        "owner": "PolyMC",
        "repo": "PolyMC",
        "rev": "2dcff83be772a9f724c0f57319f284462b8d9ddf",
        "type": "github"
      },
      "original": {
        "owner": "PolyMC",
        "repo": "PolyMC",
        "type": "github"
      }
    },
    "root": {
      "inputs": {
        "home-manager": "home-manager",
        "nixpkgs": "nixpkgs",
        "polymc": "polymc"
      }
    },
    "utils": {
      "locked": {
        "lastModified": 1653893745,
        "narHash": "sha256-0jntwV3Z8//YwuOjzhV2sgJJPt+HY6KhU7VZUL0fKZQ=",
        "owner": "numtide",
        "repo": "flake-utils",
        "rev": "1ed9fb1935d260de5fe1c2f7ee0ebaae17ed2fa1",
        "type": "github"
      },
      "original": {
        "owner": "numtide",
        "repo": "flake-utils",
        "type": "github"
      }
    }
  },
  "root": "root",
  "version": 7
}
